<?xml version="1.0" encoding="utf-8"?>
<Project ToolsVersion="4.0" xmlns="http://schemas.microsoft.com/developer/msbuild/2003">
  <ItemGroup>
    <Filter Include="Исходные файлы">
      <UniqueIdentifier>{4FC737F1-C7A5-4376-A066-2A32D752A2FF}</UniqueIdentifier>
      <Extensions>cpp;c;cc;cxx;def;odl;idl;hpj;bat;asm;asmx</Extensions>
    </Filter>
    <Filter Include="Файлы заголовков">
      <UniqueIdentifier>{93995380-89BD-4b04-88EB-625FBE52EBFB}</UniqueIdentifier>
      <Extensions>h;hh;hpp;hxx;hm;inl;inc;ipp;xsd</Extensions>
    </Filter>
    <Filter Include="Файлы ресурсов">
      <UniqueIdentifier>{67DA6AB6-F800-4c08-8B7A-83BB121AAD01}</UniqueIdentifier>
      <Extensions>rc;ico;cur;bmp;dlg;rc2;rct;bin;rgs;gif;jpg;jpeg;jpe;resx;tiff;tif;png;wav;mfcribbon-ms</Extensions>
    </Filter>
    <Filter Include="DLL">
      <UniqueIdentifier>{f7688573-4800-4bc4-89d0-4d6acfb011fe}</UniqueIdentifier>
    </Filter>
    <Filter Include="SDL">
      <UniqueIdentifier>{4db24f77-2ed8-4710-8c49-2909c7d61444}</UniqueIdentifier>
    </Filter>
  </ItemGroup>
  <ItemGroup>
    <ClCompile Include="Source.cpp">
      <Filter>Исходные файлы</Filter>
    </ClCompile>
    <ClCompile Include="Game.cpp">
      <Filter>Исходные файлы</Filter>
    </ClCompile>
    <ClCompile Include="Robot.cpp">
      <Filter>Исходные файлы</Filter>
    </ClCompile>
    <ClCompile Include="test.cpp">
      <Filter>Исходные файлы</Filter>
    </ClCompile>
    <ClCompile Include="Playgrounds.cpp">
      <Filter>Исходные файлы</Filter>
    </ClCompile>
    <ClCompile Include="Main_map.cpp">
      <Filter>Исходные файлы</Filter>
    </ClCompile>
    <ClCompile Include="Context.cpp">
      <Filter>Исходные файлы</Filter>
    </ClCompile>
    <ClCompile Include="Controller.cpp">
      <Filter>Исходные файлы</Filter>
    </ClCompile>
    <ClCompile Include="Text_Sprite.cpp">
      <Filter>Исходные файлы</Filter>
    </ClCompile>
  </ItemGroup>
  <ItemGroup>
    <ClInclude Include="Robot.h">
      <Filter>Файлы заголовков</Filter>
    </ClInclude>
    <ClInclude Include="Game.h">
      <Filter>Файлы заголовков</Filter>
    </ClInclude>
    <ClInclude Include="enums.h">
      <Filter>Файлы заголовков</Filter>
    </ClInclude>
    <ClInclude Include="Playgrounds.h">
      <Filter>Файлы заголовков</Filter>
    </ClInclude>
    <ClInclude Include="Main_map.h">
      <Filter>Файлы заголовков</Filter>
    </ClInclude>
    <ClInclude Include="Text_Sprite.h">
      <Filter>Файлы заголовков</Filter>
    </ClInclude>
    <ClInclude Include="Context.h">
      <Filter>Файлы заголовков</Filter>
    </ClInclude>
    <ClInclude Include="..\SDL\SDL2\include\begin_code.h">
      <Filter>SDL</Filter>
    </ClInclude>
    <ClInclude Include="..\SDL\SDL2\include\close_code.h">
      <Filter>SDL</Filter>
    </ClInclude>
    <ClInclude Include="..\SDL\SDL2\include\SDL.h">
      <Filter>SDL</Filter>
    </ClInclude>
    <ClInclude Include="..\SDL\SDL2\include\SDL_assert.h">
      <Filter>SDL</Filter>
    </ClInclude>
    <ClInclude Include="..\SDL\SDL2\include\SDL_atomic.h">
      <Filter>SDL</Filter>
    </ClInclude>
    <ClInclude Include="..\SDL\SDL2\include\SDL_audio.h">
      <Filter>SDL</Filter>
    </ClInclude>
    <ClInclude Include="..\SDL\SDL2\include\SDL_bits.h">
      <Filter>SDL</Filter>
    </ClInclude>
    <ClInclude Include="..\SDL\SDL2\include\SDL_blendmode.h">
      <Filter>SDL</Filter>
    </ClInclude>
    <ClInclude Include="..\SDL\SDL2\include\SDL_clipboard.h">
      <Filter>SDL</Filter>
    </ClInclude>
    <ClInclude Include="..\SDL\SDL2\include\SDL_config.h">
      <Filter>SDL</Filter>
    </ClInclude>
    <ClInclude Include="..\SDL\SDL2\include\SDL_config_android.h">
      <Filter>SDL</Filter>
    </ClInclude>
    <ClInclude Include="..\SDL\SDL2\include\SDL_config_iphoneos.h">
      <Filter>SDL</Filter>
    </ClInclude>
    <ClInclude Include="..\SDL\SDL2\include\SDL_config_macosx.h">
      <Filter>SDL</Filter>
    </ClInclude>
    <ClInclude Include="..\SDL\SDL2\include\SDL_config_minimal.h">
      <Filter>SDL</Filter>
    </ClInclude>
    <ClInclude Include="..\SDL\SDL2\include\SDL_config_pandora.h">
      <Filter>SDL</Filter>
    </ClInclude>
    <ClInclude Include="..\SDL\SDL2\include\SDL_config_psp.h">
      <Filter>SDL</Filter>
    </ClInclude>
    <ClInclude Include="..\SDL\SDL2\include\SDL_config_windows.h">
      <Filter>SDL</Filter>
    </ClInclude>
    <ClInclude Include="..\SDL\SDL2\include\SDL_config_winrt.h">
      <Filter>SDL</Filter>
    </ClInclude>
    <ClInclude Include="..\SDL\SDL2\include\SDL_config_wiz.h">
      <Filter>SDL</Filter>
    </ClInclude>
    <ClInclude Include="..\SDL\SDL2\include\SDL_copying.h">
      <Filter>SDL</Filter>
    </ClInclude>
    <ClInclude Include="..\SDL\SDL2\include\SDL_cpuinfo.h">
      <Filter>SDL</Filter>
    </ClInclude>
    <ClInclude Include="..\SDL\SDL2\include\SDL_egl.h">
      <Filter>SDL</Filter>
    </ClInclude>
    <ClInclude Include="..\SDL\SDL2\include\SDL_endian.h">
      <Filter>SDL</Filter>
    </ClInclude>
    <ClInclude Include="..\SDL\SDL2\include\SDL_error.h">
      <Filter>SDL</Filter>
    </ClInclude>
    <ClInclude Include="..\SDL\SDL2\include\SDL_events.h">
      <Filter>SDL</Filter>
    </ClInclude>
    <ClInclude Include="..\SDL\SDL2\include\SDL_filesystem.h">
      <Filter>SDL</Filter>
    </ClInclude>
    <ClInclude Include="..\SDL\SDL2\include\SDL_gamecontroller.h">
      <Filter>SDL</Filter>
    </ClInclude>
    <ClInclude Include="..\SDL\SDL2\include\SDL_gesture.h">
      <Filter>SDL</Filter>
    </ClInclude>
    <ClInclude Include="..\SDL\SDL2\include\SDL_haptic.h">
      <Filter>SDL</Filter>
    </ClInclude>
    <ClInclude Include="..\SDL\SDL2\include\SDL_hints.h">
      <Filter>SDL</Filter>
    </ClInclude>
    <ClInclude Include="..\SDL\SDL2\include\SDL_joystick.h">
      <Filter>SDL</Filter>
    </ClInclude>
    <ClInclude Include="..\SDL\SDL2\include\SDL_keyboard.h">
      <Filter>SDL</Filter>
    </ClInclude>
    <ClInclude Include="..\SDL\SDL2\include\SDL_keycode.h">
      <Filter>SDL</Filter>
    </ClInclude>
    <ClInclude Include="..\SDL\SDL2\include\SDL_loadso.h">
      <Filter>SDL</Filter>
    </ClInclude>
    <ClInclude Include="..\SDL\SDL2\include\SDL_log.h">
      <Filter>SDL</Filter>
    </ClInclude>
    <ClInclude Include="..\SDL\SDL2\include\SDL_main.h">
      <Filter>SDL</Filter>
    </ClInclude>
    <ClInclude Include="..\SDL\SDL2\include\SDL_messagebox.h">
      <Filter>SDL</Filter>
    </ClInclude>
    <ClInclude Include="..\SDL\SDL2\include\SDL_mouse.h">
      <Filter>SDL</Filter>
    </ClInclude>
    <ClInclude Include="..\SDL\SDL2\include\SDL_mutex.h">
      <Filter>SDL</Filter>
    </ClInclude>
    <ClInclude Include="..\SDL\SDL2\include\SDL_name.h">
      <Filter>SDL</Filter>
    </ClInclude>
    <ClInclude Include="..\SDL\SDL2\include\SDL_opengl.h">
      <Filter>SDL</Filter>
    </ClInclude>
    <ClInclude Include="..\SDL\SDL2\include\SDL_opengles.h">
      <Filter>SDL</Filter>
    </ClInclude>
    <ClInclude Include="..\SDL\SDL2\include\SDL_opengles2.h">
      <Filter>SDL</Filter>
    </ClInclude>
    <ClInclude Include="..\SDL\SDL2\include\SDL_opengles2_gl2.h">
      <Filter>SDL</Filter>
    </ClInclude>
    <ClInclude Include="..\SDL\SDL2\include\SDL_opengles2_gl2ext.h">
      <Filter>SDL</Filter>
    </ClInclude>
    <ClInclude Include="..\SDL\SDL2\include\SDL_opengles2_gl2platform.h">
      <Filter>SDL</Filter>
    </ClInclude>
    <ClInclude Include="..\SDL\SDL2\include\SDL_opengles2_khrplatform.h">
      <Filter>SDL</Filter>
    </ClInclude>
    <ClInclude Include="..\SDL\SDL2\include\SDL_opengl_glext.h">
      <Filter>SDL</Filter>
    </ClInclude>
    <ClInclude Include="..\SDL\SDL2\include\SDL_pixels.h">
      <Filter>SDL</Filter>
    </ClInclude>
    <ClInclude Include="..\SDL\SDL2\include\SDL_platform.h">
      <Filter>SDL</Filter>
    </ClInclude>
    <ClInclude Include="..\SDL\SDL2\include\SDL_power.h">
      <Filter>SDL</Filter>
    </ClInclude>
    <ClInclude Include="..\SDL\SDL2\include\SDL_quit.h">
      <Filter>SDL</Filter>
    </ClInclude>
    <ClInclude Include="..\SDL\SDL2\include\SDL_rect.h">
      <Filter>SDL</Filter>
    </ClInclude>
    <ClInclude Include="..\SDL\SDL2\include\SDL_render.h">
      <Filter>SDL</Filter>
    </ClInclude>
    <ClInclude Include="..\SDL\SDL2\include\SDL_revision.h">
      <Filter>SDL</Filter>
    </ClInclude>
    <ClInclude Include="..\SDL\SDL2\include\SDL_rwops.h">
      <Filter>SDL</Filter>
    </ClInclude>
    <ClInclude Include="..\SDL\SDL2\include\SDL_scancode.h">
      <Filter>SDL</Filter>
    </ClInclude>
    <ClInclude Include="..\SDL\SDL2\include\SDL_sensor.h">
      <Filter>SDL</Filter>
    </ClInclude>
    <ClInclude Include="..\SDL\SDL2\include\SDL_shape.h">
      <Filter>SDL</Filter>
    </ClInclude>
    <ClInclude Include="..\SDL\SDL2\include\SDL_stdinc.h">
      <Filter>SDL</Filter>
    </ClInclude>
    <ClInclude Include="..\SDL\SDL2\include\SDL_surface.h">
      <Filter>SDL</Filter>
    </ClInclude>
    <ClInclude Include="..\SDL\SDL2\include\SDL_system.h">
      <Filter>SDL</Filter>
    </ClInclude>
    <ClInclude Include="..\SDL\SDL2\include\SDL_syswm.h">
      <Filter>SDL</Filter>
    </ClInclude>
    <ClInclude Include="..\SDL\SDL2\include\SDL_test.h">
      <Filter>SDL</Filter>
    </ClInclude>
    <ClInclude Include="..\SDL\SDL2\include\SDL_test_assert.h">
      <Filter>SDL</Filter>
    </ClInclude>
    <ClInclude Include="..\SDL\SDL2\include\SDL_test_common.h">
      <Filter>SDL</Filter>
    </ClInclude>
    <ClInclude Include="..\SDL\SDL2\include\SDL_test_compare.h">
      <Filter>SDL</Filter>
    </ClInclude>
    <ClInclude Include="..\SDL\SDL2\include\SDL_test_crc32.h">
      <Filter>SDL</Filter>
    </ClInclude>
    <ClInclude Include="..\SDL\SDL2\include\SDL_test_font.h">
      <Filter>SDL</Filter>
    </ClInclude>
    <ClInclude Include="..\SDL\SDL2\include\SDL_test_fuzzer.h">
      <Filter>SDL</Filter>
    </ClInclude>
    <ClInclude Include="..\SDL\SDL2\include\SDL_test_harness.h">
      <Filter>SDL</Filter>
    </ClInclude>
    <ClInclude Include="..\SDL\SDL2\include\SDL_test_images.h">
      <Filter>SDL</Filter>
    </ClInclude>
    <ClInclude Include="..\SDL\SDL2\include\SDL_test_log.h">
      <Filter>SDL</Filter>
    </ClInclude>
    <ClInclude Include="..\SDL\SDL2\include\SDL_test_md5.h">
      <Filter>SDL</Filter>
    </ClInclude>
    <ClInclude Include="..\SDL\SDL2\include\SDL_test_memory.h">
      <Filter>SDL</Filter>
    </ClInclude>
    <ClInclude Include="..\SDL\SDL2\include\SDL_test_random.h">
      <Filter>SDL</Filter>
    </ClInclude>
    <ClInclude Include="..\SDL\SDL2\include\SDL_thread.h">
      <Filter>SDL</Filter>
    </ClInclude>
    <ClInclude Include="..\SDL\SDL2\include\SDL_timer.h">
      <Filter>SDL</Filter>
    </ClInclude>
    <ClInclude Include="..\SDL\SDL2\include\SDL_touch.h">
      <Filter>SDL</Filter>
    </ClInclude>
    <ClInclude Include="..\SDL\SDL2\include\SDL_types.h">
      <Filter>SDL</Filter>
    </ClInclude>
    <ClInclude Include="..\SDL\SDL2\include\SDL_version.h">
      <Filter>SDL</Filter>
    </ClInclude>
    <ClInclude Include="..\SDL\SDL2\include\SDL_video.h">
      <Filter>SDL</Filter>
    </ClInclude>
    <ClInclude Include="..\SDL\SDL2\include\SDL_vulkan.h">
      <Filter>SDL</Filter>
    </ClInclude>
    <ClInclude Include="..\SDL\SDL2_image\include\SDL_image.h">
      <Filter>SDL</Filter>
    </ClInclude>
    <ClInclude Include="..\SDL\SDL2_ttf\include\SDL_ttf.h">
      <Filter>SDL</Filter>
    </ClInclude>
    <ClInclude Include="Controller.h">
      <Filter>Файлы заголовков</Filter>
    </ClInclude>
  </ItemGroup>
  <ItemGroup>
    <Image Include="janitor.PNG">
      <Filter>Файлы ресурсов</Filter>
    </Image>
    <Image Include="rock.png">
      <Filter>Файлы ресурсов</Filter>
    </Image>
    <Image Include="apple.png">
      <Filter>Файлы ресурсов</Filter>
    </Image>
    <Image Include="bomb.png">
      <Filter>Файлы ресурсов</Filter>
    </Image>
    <Image Include="unknown.png">
      <Filter>Файлы ресурсов</Filter>
    </Image>
    <Image Include="robot1.png">
      <Filter>Файлы ресурсов</Filter>
    </Image>
    <Image Include="plan.jpg">
      <Filter>Файлы ресурсов</Filter>
    </Image>
    <Image Include="death_screen.png">
      <Filter>Файлы ресурсов</Filter>
    </Image>
    <Image Include="GUI.png">
      <Filter>Файлы ресурсов</Filter>
    </Image>
    <Image Include="robot2.png">
      <Filter>Файлы ресурсов</Filter>
    </Image>
  </ItemGroup>
  <ItemGroup>
    <Text Include="map1.txt">
      <Filter>Файлы ресурсов</Filter>
    </Text>
  </ItemGroup>
  <ItemGroup>
    <None Include="libfreetype-6.dll">
      <Filter>DLL</Filter>
    </None>
    <None Include="libjpeg-9.dll">
      <Filter>DLL</Filter>
    </None>
    <None Include="libpng16-16.dll">
      <Filter>DLL</Filter>
    </None>
    <None Include="libtiff-5.dll">
      <Filter>DLL</Filter>
    </None>
    <None Include="libwebp-7.dll">
      <Filter>DLL</Filter>
    </None>
    <None Include="SDL2.dll">
      <Filter>DLL</Filter>
    </None>
    <None Include="SDL2_image.dll">
      <Filter>DLL</Filter>
    </None>
    <None Include="SDL2_ttf.dll">
      <Filter>DLL</Filter>
    </None>
    <None Include="zlib1.dll">
      <Filter>DLL</Filter>
    </None>
  </ItemGroup>
  <ItemGroup>
    <Library Include="..\SDL\SDL2_ttf\lib\x86\SDL2_ttf.lib">
      <Filter>SDL</Filter>
    </Library>
    <Library Include="..\SDL\SDL2_image\lib\x86\SDL2_image.lib">
      <Filter>SDL</Filter>
    </Library>
    <Library Include="..\SDL\SDL2\lib\x86\SDL2.lib">
      <Filter>SDL</Filter>
    </Library>
    <Library Include="..\SDL\SDL2\lib\x86\SDL2main.lib">
      <Filter>SDL</Filter>
    </Library>
    <Library Include="..\SDL\SDL2\lib\x86\SDL2test.lib">
      <Filter>SDL</Filter>
    </Library>
  </ItemGroup>
</Project>